github.com/Oudwins/tailwind-merge-go v0.2.1 h1:jxRaEqGtwwwF48UuFIQ8g8XT7YSualNuGzCvQ89nPFE=
github.com/Oudwins/tailwind-merge-go v0.2.1/go.mod h1:kkZodgOPvZQ8f7SIrlWkG/w1g9JTbtnptnePIh3V72U=
github.com/davecgh/go-spew v1.1.1 h1:vj9j/u1bqnvCEfJOwUhtlOARqs3+rkHYY13jYWTU97c=
github.com/davecgh/go-spew v1.1.1/go.mod h1:J7Y8YcW2NihsgmVo/mv3lAwl/skON4iLHjSsI+c5H38=
github.com/plainkit/html v0.19.0 h1:yaPyFRZnrvs0nrS3U0FPkd114zqSnwytc/pmTGmoLMM=
github.com/plainkit/html v0.19.0/go.mod h1:G8xDVL5UAKqdrdB8HHwloRwl+w8UMqzsZ7GzC8/qAXE=
github.com/plainkit/html v0.20.0 h1:KlULRryfC9bV1mgAW97+mmYpM+keFCWzP6bcdYJ35p4=
github.com/plainkit/html v0.20.0/go.mod h1:DNSes45N6gz60p5jOubdsVZAwFeCl/KibO0S9fznmJg=
github.com/plainkit/icons v0.10.0 h1:PyHOhwKuDoP+Dw87ceJdNxzvRDevefsC++iQwg66Jkw=
github.com/plainkit/icons v0.10.0/go.mod h1:U1d2KSPZVmEeiOV1V4b0yghc3TPjPnxoNPOqQ5qeF2E=
github.com/pmezard/go-difflib v1.0.0 h1:4DBwDE0NGyQoBHbLQYPwSUPoCMWR5BEzIk/f1lZbAQM=
github.com/pmezard/go-difflib v1.0.0/go.mod h1:iKH77koFhYxTK1pcRnkKkqfTogsbg7gZNVY4sRDYZ/4=
github.com/stretchr/testify v1.11.1 h1:7s2iGBzp5EwR7/aIZr8ao5+dra3wiQyKjjFuvgVKu7U=
github.com/stretchr/testify v1.11.1/go.mod h1:wZwfW3scLgRK+23gO65QZefKpKQRnfz6sD981Nm4B6U=
gopkg.in/yaml.v3 v3.0.1 h1:fxVm/GzAzEWqLHuvctI91KS9hhNmmWOoWu0XTYJS7CA=
gopkg.in/yaml.v3 v3.0.1/go.mod h1:K4uyk7z7BCEPqu6E+C64Yfv1cQ7kz7rIZviUmN+EgEM=
